
Microsoft Visual Studio Solution File, Format Version 12.00
# Visual Studio 15
VisualStudioVersion = 15.0.28010.2046
MinimumVisualStudioVersion = 10.0.40219.1
Project("{FAE04EC0-301F-11D3-BF4B-00C04F79EFBC}") = "Perfil.Android", "Perfil\Perfil.Android\Perfil.Android.csproj", "{547E2DE2-D6E1-4D90-A994-CC9C51227060}"
EndProject
Project("{FAE04EC0-301F-11D3-BF4B-00C04F79EFBC}") = "Perfil.iOS", "Perfil\Perfil.iOS\Perfil.iOS.csproj", "{CC21DBFF-4F15-48CA-8F11-628ADD5D5274}"
EndProject
Project("{FAE04EC0-301F-11D3-BF4B-00C04F79EFBC}") = "Perfil", "Perfil\Perfil\Perfil.csproj", "{126DB5CA-3BB3-40BE-8D02-8141094DCD92}"
EndProject
Global
	GlobalSection(SolutionConfigurationPlatforms) = preSolution
		Ad-Hoc|Any CPU = Ad-Hoc|Any CPU
		Ad-Hoc|iPhone = Ad-Hoc|iPhone
		Ad-Hoc|iPhoneSimulator = Ad-Hoc|iPhoneSimulator
		AppStore|Any CPU = AppStore|Any CPU
		AppStore|iPhone = AppStore|iPhone
		AppStore|iPhoneSimulator = AppStore|iPhoneSimulator
		Debug|Any CPU = Debug|Any CPU
		Debug|iPhone = Debug|iPhone
		Debug|iPhoneSimulator = Debug|iPhoneSimulator
		Release|Any CPU = Release|Any CPU
		Release|iPhone = Release|iPhone
		Release|iPhoneSimulator = Release|iPhoneSimulator
	EndGlobalSection
	GlobalSection(ProjectConfigurationPlatforms) = postSolution
		{547E2DE2-D6E1-4D90-A994-CC9C51227060}.Ad-Hoc|Any CPU.ActiveCfg = Release|Any CPU
		{547E2DE2-D6E1-4D90-A994-CC9C51227060}.Ad-Hoc|Any CPU.Build.0 = Release|Any CPU
		{547E2DE2-D6E1-4D90-A994-CC9C51227060}.Ad-Hoc|Any CPU.Deploy.0 = Release|Any CPU
		{547E2DE2-D6E1-4D90-A994-CC9C51227060}.Ad-Hoc|iPhone.ActiveCfg = Release|Any CPU
		{547E2DE2-D6E1-4D90-A994-CC9C51227060}.Ad-Hoc|iPhone.Build.0 = Release|Any CPU
		{547E2DE2-D6E1-4D90-A994-CC9C51227060}.Ad-Hoc|iPhone.Deploy.0 = Release|Any CPU
		{547E2DE2-D6E1-4D90-A994-CC9C51227060}.Ad-Hoc|iPhoneSimulator.ActiveCfg = Release|Any CPU
		{547E2DE2-D6E1-4D90-A994-CC9C51227060}.Ad-Hoc|iPhoneSimulator.Build.0 = Release|Any CPU
		{547E2DE2-D6E1-4D90-A994-CC9C51227060}.Ad-Hoc|iPhoneSimulator.Deploy.0 = Release|Any CPU
		{547E2DE2-D6E1-4D90-A994-CC9C51227060}.AppStore|Any CPU.ActiveCfg = Release|Any CPU
		{547E2DE2-D6E1-4D90-A994-CC9C51227060}.AppStore|Any CPU.Build.0 = Release|Any CPU
		{547E2DE2-D6E1-4D90-A994-CC9C51227060}.AppStore|Any CPU.Deploy.0 = Release|Any CPU
		{547E2DE2-D6E1-4D90-A994-CC9C51227060}.AppStore|iPhone.ActiveCfg = Release|Any CPU
		{547E2DE2-D6E1-4D90-A994-CC9C51227060}.AppStore|iPhone.Build.0 = Release|Any CPU
		{547E2DE2-D6E1-4D90-A994-CC9C51227060}.AppStore|iPhone.Deploy.0 = Release|Any CPU
		{547E2DE2-D6E1-4D90-A994-CC9C51227060}.AppStore|iPhoneSimulator.ActiveCfg = Release|Any CPU
		{547E2DE2-D6E1-4D90-A994-CC9C51227060}.AppStore|iPhoneSimulator.Build.0 = Release|Any CPU
		{547E2DE2-D6E1-4D90-A994-CC9C51227060}.AppStore|iPhoneSimulator.Deploy.0 = Release|Any CPU
		{547E2DE2-D6E1-4D90-A994-CC9C51227060}.Debug|Any CPU.ActiveCfg = Debug|Any CPU
		{547E2DE2-D6E1-4D90-A994-CC9C51227060}.Debug|Any CPU.Build.0 = Debug|Any CPU
		{547E2DE2-D6E1-4D90-A994-CC9C51227060}.Debug|Any CPU.Deploy.0 = Debug|Any CPU
		{547E2DE2-D6E1-4D90-A994-CC9C51227060}.Debug|iPhone.ActiveCfg = Debug|Any CPU
		{547E2DE2-D6E1-4D90-A994-CC9C51227060}.Debug|iPhone.Build.0 = Debug|Any CPU
		{547E2DE2-D6E1-4D90-A994-CC9C51227060}.Debug|iPhone.Deploy.0 = Debug|Any CPU
		{547E2DE2-D6E1-4D90-A994-CC9C51227060}.Debug|iPhoneSimulator.ActiveCfg = Debug|Any CPU
		{547E2DE2-D6E1-4D90-A994-CC9C51227060}.Debug|iPhoneSimulator.Build.0 = Debug|Any CPU
		{547E2DE2-D6E1-4D90-A994-CC9C51227060}.Debug|iPhoneSimulator.Deploy.0 = Debug|Any CPU
		{547E2DE2-D6E1-4D90-A994-CC9C51227060}.Release|Any CPU.ActiveCfg = Release|Any CPU
		{547E2DE2-D6E1-4D90-A994-CC9C51227060}.Release|Any CPU.Build.0 = Release|Any CPU
		{547E2DE2-D6E1-4D90-A994-CC9C51227060}.Release|Any CPU.Deploy.0 = Release|Any CPU
		{547E2DE2-D6E1-4D90-A994-CC9C51227060}.Release|iPhone.ActiveCfg = Release|Any CPU
		{547E2DE2-D6E1-4D90-A994-CC9C51227060}.Release|iPhone.Build.0 = Release|Any CPU
		{547E2DE2-D6E1-4D90-A994-CC9C51227060}.Release|iPhone.Deploy.0 = Release|Any CPU
		{547E2DE2-D6E1-4D90-A994-CC9C51227060}.Release|iPhoneSimulator.ActiveCfg = Release|Any CPU
		{547E2DE2-D6E1-4D90-A994-CC9C51227060}.Release|iPhoneSimulator.Build.0 = Release|Any CPU
		{547E2DE2-D6E1-4D90-A994-CC9C51227060}.Release|iPhoneSimulator.Deploy.0 = Release|Any CPU
		{CC21DBFF-4F15-48CA-8F11-628ADD5D5274}.Ad-Hoc|Any CPU.ActiveCfg = Ad-Hoc|iPhone
		{CC21DBFF-4F15-48CA-8F11-628ADD5D5274}.Ad-Hoc|Any CPU.Build.0 = Ad-Hoc|iPhone
		{CC21DBFF-4F15-48CA-8F11-628ADD5D5274}.Ad-Hoc|Any CPU.Deploy.0 = Ad-Hoc|iPhone
		{CC21DBFF-4F15-48CA-8F11-628ADD5D5274}.Ad-Hoc|iPhone.ActiveCfg = Ad-Hoc|iPhone
		{CC21DBFF-4F15-48CA-8F11-628ADD5D5274}.Ad-Hoc|iPhone.Build.0 = Ad-Hoc|iPhone
		{CC21DBFF-4F15-48CA-8F11-628ADD5D5274}.Ad-Hoc|iPhone.Deploy.0 = Ad-Hoc|iPhone
		{CC21DBFF-4F15-48CA-8F11-628ADD5D5274}.Ad-Hoc|iPhoneSimulator.ActiveCfg = Ad-Hoc|iPhoneSimulator
		{CC21DBFF-4F15-48CA-8F11-628ADD5D5274}.Ad-Hoc|iPhoneSimulator.Build.0 = Ad-Hoc|iPhoneSimulator
		{CC21DBFF-4F15-48CA-8F11-628ADD5D5274}.Ad-Hoc|iPhoneSimulator.Deploy.0 = Ad-Hoc|iPhoneSimulator
		{CC21DBFF-4F15-48CA-8F11-628ADD5D5274}.AppStore|Any CPU.ActiveCfg = AppStore|iPhone
		{CC21DBFF-4F15-48CA-8F11-628ADD5D5274}.AppStore|Any CPU.Build.0 = AppStore|iPhone
		{CC21DBFF-4F15-48CA-8F11-628ADD5D5274}.AppStore|Any CPU.Deploy.0 = AppStore|iPhone
		{CC21DBFF-4F15-48CA-8F11-628ADD5D5274}.AppStore|iPhone.ActiveCfg = AppStore|iPhone
		{CC21DBFF-4F15-48CA-8F11-628ADD5D5274}.AppStore|iPhone.Build.0 = AppStore|iPhone
		{CC21DBFF-4F15-48CA-8F11-628ADD5D5274}.AppStore|iPhone.Deploy.0 = AppStore|iPhone
		{CC21DBFF-4F15-48CA-8F11-628ADD5D5274}.AppStore|iPhoneSimulator.ActiveCfg = AppStore|iPhoneSimulator
		{CC21DBFF-4F15-48CA-8F11-628ADD5D5274}.AppStore|iPhoneSimulator.Build.0 = AppStore|iPhoneSimulator
		{CC21DBFF-4F15-48CA-8F11-628ADD5D5274}.AppStore|iPhoneSimulator.Deploy.0 = AppStore|iPhoneSimulator
		{CC21DBFF-4F15-48CA-8F11-628ADD5D5274}.Debug|Any CPU.ActiveCfg = Debug|iPhoneSimulator
		{CC21DBFF-4F15-48CA-8F11-628ADD5D5274}.Debug|Any CPU.Build.0 = Debug|iPhoneSimulator
		{CC21DBFF-4F15-48CA-8F11-628ADD5D5274}.Debug|Any CPU.Deploy.0 = Debug|iPhoneSimulator
		{CC21DBFF-4F15-48CA-8F11-628ADD5D5274}.Debug|iPhone.ActiveCfg = Debug|iPhone
		{CC21DBFF-4F15-48CA-8F11-628ADD5D5274}.Debug|iPhone.Build.0 = Debug|iPhone
		{CC21DBFF-4F15-48CA-8F11-628ADD5D5274}.Debug|iPhone.Deploy.0 = Debug|iPhone
		{CC21DBFF-4F15-48CA-8F11-628ADD5D5274}.Debug|iPhoneSimulator.ActiveCfg = Debug|iPhoneSimulator
		{CC21DBFF-4F15-48CA-8F11-628ADD5D5274}.Debug|iPhoneSimulator.Build.0 = Debug|iPhoneSimulator
		{CC21DBFF-4F15-48CA-8F11-628ADD5D5274}.Debug|iPhoneSimulator.Deploy.0 = Debug|iPhoneSimulator
		{CC21DBFF-4F15-48CA-8F11-628ADD5D5274}.Release|Any CPU.ActiveCfg = Release|iPhone
		{CC21DBFF-4F15-48CA-8F11-628ADD5D5274}.Release|Any CPU.Build.0 = Release|iPhone
		{CC21DBFF-4F15-48CA-8F11-628ADD5D5274}.Release|Any CPU.Deploy.0 = Release|iPhone
		{CC21DBFF-4F15-48CA-8F11-628ADD5D5274}.Release|iPhone.ActiveCfg = Release|iPhone
		{CC21DBFF-4F15-48CA-8F11-628ADD5D5274}.Release|iPhone.Build.0 = Release|iPhone
		{CC21DBFF-4F15-48CA-8F11-628ADD5D5274}.Release|iPhone.Deploy.0 = Release|iPhone
		{CC21DBFF-4F15-48CA-8F11-628ADD5D5274}.Release|iPhoneSimulator.ActiveCfg = Release|iPhoneSimulator
		{CC21DBFF-4F15-48CA-8F11-628ADD5D5274}.Release|iPhoneSimulator.Build.0 = Release|iPhoneSimulator
		{CC21DBFF-4F15-48CA-8F11-628ADD5D5274}.Release|iPhoneSimulator.Deploy.0 = Release|iPhoneSimulator
		{126DB5CA-3BB3-40BE-8D02-8141094DCD92}.Ad-Hoc|Any CPU.ActiveCfg = Debug|Any CPU
		{126DB5CA-3BB3-40BE-8D02-8141094DCD92}.Ad-Hoc|Any CPU.Build.0 = Debug|Any CPU
		{126DB5CA-3BB3-40BE-8D02-8141094DCD92}.Ad-Hoc|Any CPU.Deploy.0 = Debug|Any CPU
		{126DB5CA-3BB3-40BE-8D02-8141094DCD92}.Ad-Hoc|iPhone.ActiveCfg = Debug|Any CPU
		{126DB5CA-3BB3-40BE-8D02-8141094DCD92}.Ad-Hoc|iPhone.Build.0 = Debug|Any CPU
		{126DB5CA-3BB3-40BE-8D02-8141094DCD92}.Ad-Hoc|iPhone.Deploy.0 = Debug|Any CPU
		{126DB5CA-3BB3-40BE-8D02-8141094DCD92}.Ad-Hoc|iPhoneSimulator.ActiveCfg = Debug|Any CPU
		{126DB5CA-3BB3-40BE-8D02-8141094DCD92}.Ad-Hoc|iPhoneSimulator.Build.0 = Debug|Any CPU
		{126DB5CA-3BB3-40BE-8D02-8141094DCD92}.Ad-Hoc|iPhoneSimulator.Deploy.0 = Debug|Any CPU
		{126DB5CA-3BB3-40BE-8D02-8141094DCD92}.AppStore|Any CPU.ActiveCfg = Debug|Any CPU
		{126DB5CA-3BB3-40BE-8D02-8141094DCD92}.AppStore|Any CPU.Build.0 = Debug|Any CPU
		{126DB5CA-3BB3-40BE-8D02-8141094DCD92}.AppStore|Any CPU.Deploy.0 = Debug|Any CPU
		{126DB5CA-3BB3-40BE-8D02-8141094DCD92}.AppStore|iPhone.ActiveCfg = Debug|Any CPU
		{126DB5CA-3BB3-40BE-8D02-8141094DCD92}.AppStore|iPhone.Build.0 = Debug|Any CPU
		{126DB5CA-3BB3-40BE-8D02-8141094DCD92}.AppStore|iPhone.Deploy.0 = Debug|Any CPU
		{126DB5CA-3BB3-40BE-8D02-8141094DCD92}.AppStore|iPhoneSimulator.ActiveCfg = Debug|Any CPU
		{126DB5CA-3BB3-40BE-8D02-8141094DCD92}.AppStore|iPhoneSimulator.Build.0 = Debug|Any CPU
		{126DB5CA-3BB3-40BE-8D02-8141094DCD92}.AppStore|iPhoneSimulator.Deploy.0 = Debug|Any CPU
		{126DB5CA-3BB3-40BE-8D02-8141094DCD92}.Debug|Any CPU.ActiveCfg = Debug|Any CPU
		{126DB5CA-3BB3-40BE-8D02-8141094DCD92}.Debug|Any CPU.Build.0 = Debug|Any CPU
		{126DB5CA-3BB3-40BE-8D02-8141094DCD92}.Debug|Any CPU.Deploy.0 = Debug|Any CPU
		{126DB5CA-3BB3-40BE-8D02-8141094DCD92}.Debug|iPhone.ActiveCfg = Debug|Any CPU
		{126DB5CA-3BB3-40BE-8D02-8141094DCD92}.Debug|iPhone.Build.0 = Debug|Any CPU
		{126DB5CA-3BB3-40BE-8D02-8141094DCD92}.Debug|iPhone.Deploy.0 = Debug|Any CPU
		{126DB5CA-3BB3-40BE-8D02-8141094DCD92}.Debug|iPhoneSimulator.ActiveCfg = Debug|Any CPU
		{126DB5CA-3BB3-40BE-8D02-8141094DCD92}.Debug|iPhoneSimulator.Build.0 = Debug|Any CPU
		{126DB5CA-3BB3-40BE-8D02-8141094DCD92}.Debug|iPhoneSimulator.Deploy.0 = Debug|Any CPU
		{126DB5CA-3BB3-40BE-8D02-8141094DCD92}.Release|Any CPU.ActiveCfg = Release|Any CPU
		{126DB5CA-3BB3-40BE-8D02-8141094DCD92}.Release|Any CPU.Build.0 = Release|Any CPU
		{126DB5CA-3BB3-40BE-8D02-8141094DCD92}.Release|Any CPU.Deploy.0 = Release|Any CPU
		{126DB5CA-3BB3-40BE-8D02-8141094DCD92}.Release|iPhone.ActiveCfg = Release|Any CPU
		{126DB5CA-3BB3-40BE-8D02-8141094DCD92}.Release|iPhone.Build.0 = Release|Any CPU
		{126DB5CA-3BB3-40BE-8D02-8141094DCD92}.Release|iPhone.Deploy.0 = Release|Any CPU
		{126DB5CA-3BB3-40BE-8D02-8141094DCD92}.Release|iPhoneSimulator.ActiveCfg = Release|Any CPU
		{126DB5CA-3BB3-40BE-8D02-8141094DCD92}.Release|iPhoneSimulator.Build.0 = Release|Any CPU
		{126DB5CA-3BB3-40BE-8D02-8141094DCD92}.Release|iPhoneSimulator.Deploy.0 = Release|Any CPU
	EndGlobalSection
	GlobalSection(SolutionProperties) = preSolution
		HideSolutionNode = FALSE
	EndGlobalSection
	GlobalSection(ExtensibilityGlobals) = postSolution
		SolutionGuid = {C6EB618E-A3EF-4521-B09A-6B05B42101FD}
	EndGlobalSection
EndGlobal
